
Microsoft Visual Studio Solution File, Format Version 12.00
# Visual Studio 14
VisualStudioVersion = 14.0.25420.1
MinimumVisualStudioVersion = 10.0.40219.1
Project("{FAE04EC0-301F-11D3-BF4B-00C04F79EFBC}") = "FragenGerangel", "FragenGerangel\FragenGerangel.csproj", "{DA2608C3-FF6B-4587-B08D-73D9B7C71391}"
EndProject
Project("{FAE04EC0-301F-11D3-BF4B-00C04F79EFBC}") = "ServerInit", "ServerInit\ServerInit.csproj", "{372CC730-3B07-40C7-8F55-829C6EC83F62}"
EndProject
Global
	GlobalSection(SolutionConfigurationPlatforms) = preSolution
		Debug|Any CPU = Debug|Any CPU
		Release|Any CPU = Release|Any CPU
	EndGlobalSection
	GlobalSection(ProjectConfigurationPlatforms) = postSolution
		{DA2608C3-FF6B-4587-B08D-73D9B7C71391}.Debug|Any CPU.ActiveCfg = Debug|Any CPU
		{DA2608C3-FF6B-4587-B08D-73D9B7C71391}.Debug|Any CPU.Build.0 = Debug|Any CPU
		{DA2608C3-FF6B-4587-B08D-73D9B7C71391}.Release|Any CPU.ActiveCfg = Release|Any CPU
		{DA2608C3-FF6B-4587-B08D-73D9B7C71391}.Release|Any CPU.Build.0 = Release|Any CPU
		{372CC730-3B07-40C7-8F55-829C6EC83F62}.Debug|Any CPU.ActiveCfg = Debug|Any CPU
		{372CC730-3B07-40C7-8F55-829C6EC83F62}.Debug|Any CPU.Build.0 = Debug|Any CPU
		{372CC730-3B07-40C7-8F55-829C6EC83F62}.Release|Any CPU.ActiveCfg = Release|Any CPU
		{372CC730-3B07-40C7-8F55-829C6EC83F62}.Release|Any CPU.Build.0 = Release|Any CPU
	EndGlobalSection
	GlobalSection(SolutionProperties) = preSolution
		HideSolutionNode = FALSE
	EndGlobalSection
	GlobalSection(ExtensibilityGlobals) = postSolution
		SolutionGuid = {58E08E48-E4DC-43EC-8BB1-2DED0D0FD415}
	EndGlobalSection
EndGlobal
